
Microsoft Visual Studio Solution File, Format Version 12.00
# Visual Studio Version 16
VisualStudioVersion = 16.0.29728.190
MinimumVisualStudioVersion = 10.0.40219.1
Project("{FAE04EC0-301F-11D3-BF4B-00C04F79EFBC}") = "sdslib", "sdslib\sdslib.csproj", "{91F6FBF3-8813-454A-B3F5-3F9648077018}"
EndProject
Project("{FAE04EC0-301F-11D3-BF4B-00C04F79EFBC}") = "sdslib.Tests", "sdslib.Tests\sdslib.Tests.csproj", "{1166D88E-0B98-4403-AF17-8CF8550100B7}"
EndProject
Project("{FAE04EC0-301F-11D3-BF4B-00C04F79EFBC}") = "sdslib.ConsoleAppSample", "sdslib.ConsoleAppSample\sdslib.ConsoleAppSample.csproj", "{333EEFEC-80C8-481D-9434-A4F9E13A83A3}"
EndProject
Global
	GlobalSection(SolutionConfigurationPlatforms) = preSolution
		Debug|Any CPU = Debug|Any CPU
		Release|Any CPU = Release|Any CPU
	EndGlobalSection
	GlobalSection(ProjectConfigurationPlatforms) = postSolution
		{91F6FBF3-8813-454A-B3F5-3F9648077018}.Debug|Any CPU.ActiveCfg = Debug|Any CPU
		{91F6FBF3-8813-454A-B3F5-3F9648077018}.Debug|Any CPU.Build.0 = Debug|Any CPU
		{91F6FBF3-8813-454A-B3F5-3F9648077018}.Release|Any CPU.ActiveCfg = Release|Any CPU
		{91F6FBF3-8813-454A-B3F5-3F9648077018}.Release|Any CPU.Build.0 = Release|Any CPU
		{1166D88E-0B98-4403-AF17-8CF8550100B7}.Debug|Any CPU.ActiveCfg = Debug|Any CPU
		{1166D88E-0B98-4403-AF17-8CF8550100B7}.Debug|Any CPU.Build.0 = Debug|Any CPU
		{1166D88E-0B98-4403-AF17-8CF8550100B7}.Release|Any CPU.ActiveCfg = Release|Any CPU
		{1166D88E-0B98-4403-AF17-8CF8550100B7}.Release|Any CPU.Build.0 = Release|Any CPU
		{333EEFEC-80C8-481D-9434-A4F9E13A83A3}.Debug|Any CPU.ActiveCfg = Debug|Any CPU
		{333EEFEC-80C8-481D-9434-A4F9E13A83A3}.Debug|Any CPU.Build.0 = Debug|Any CPU
		{333EEFEC-80C8-481D-9434-A4F9E13A83A3}.Release|Any CPU.ActiveCfg = Release|Any CPU
		{333EEFEC-80C8-481D-9434-A4F9E13A83A3}.Release|Any CPU.Build.0 = Release|Any CPU
	EndGlobalSection
	GlobalSection(SolutionProperties) = preSolution
		HideSolutionNode = FALSE
	EndGlobalSection
	GlobalSection(ExtensibilityGlobals) = postSolution
		SolutionGuid = {2916AF1F-C9F3-490F-86EC-1CA8E123E723}
	EndGlobalSection
EndGlobal
